
Microsoft Visual Studio Solution File, Format Version 12.00
# Visual Studio 15
VisualStudioVersion = 15.0.28307.757
MinimumVisualStudioVersion = 10.0.40219.1
Project("{FAE04EC0-301F-11D3-BF4B-00C04F79EFBC}") = "ProgrammingTraining", "ProgrammingTraining\ProgrammingTraining.csproj", "{A5C8E597-B69B-415C-8A55-3E49E2931850}"
EndProject
Global
	GlobalSection(SolutionConfigurationPlatforms) = preSolution
		Debug|Any CPU = Debug|Any CPU
		Release|Any CPU = Release|Any CPU
	EndGlobalSection
	GlobalSection(ProjectConfigurationPlatforms) = postSolution
		{A5C8E597-B69B-415C-8A55-3E49E2931850}.Debug|Any CPU.ActiveCfg = Debug|Any CPU
		{A5C8E597-B69B-415C-8A55-3E49E2931850}.Debug|Any CPU.Build.0 = Debug|Any CPU
		{A5C8E597-B69B-415C-8A55-3E49E2931850}.Release|Any CPU.ActiveCfg = Release|Any CPU
		{A5C8E597-B69B-415C-8A55-3E49E2931850}.Release|Any CPU.Build.0 = Release|Any CPU
	EndGlobalSection
	GlobalSection(SolutionProperties) = preSolution
		HideSolutionNode = FALSE
	EndGlobalSection
	GlobalSection(ExtensibilityGlobals) = postSolution
		SolutionGuid = {70893742-4207-4714-BB3F-14F673B697B4}
	EndGlobalSection
EndGlobal
